// !$*UTF8*$!
{
	archiveVersion = 1;
	classes = {
	};
	objectVersion = 55;
	objects = {

/* Begin PBXBuildFile section */
		B618BCF027E251D2005B0CEF /* HighScoresViewController.swift in Sources */ = {isa = PBXBuildFile; fileRef = B618BCEF27E251D2005B0CEF /* HighScoresViewController.swift */; };
		B6C886F527E3654E00813464 /* Game.swift in Sources */ = {isa = PBXBuildFile; fileRef = B6C886F427E3654E00813464 /* Game.swift */; };
		B6CC53C527DF7D580021BE01 /* AppDelegate.swift in Sources */ = {isa = PBXBuildFile; fileRef = B6CC53C427DF7D580021BE01 /* AppDelegate.swift */; };
		B6CC53C727DF7D580021BE01 /* SceneDelegate.swift in Sources */ = {isa = PBXBuildFile; fileRef = B6CC53C627DF7D580021BE01 /* SceneDelegate.swift */; };
		B6CC53C927DF7D580021BE01 /* ViewController.swift in Sources */ = {isa = PBXBuildFile; fileRef = B6CC53C827DF7D580021BE01 /* ViewController.swift */; };
		B6CC53CC27DF7D580021BE01 /* Main.storyboard in Resources */ = {isa = PBXBuildFile; fileRef = B6CC53CA27DF7D580021BE01 /* Main.storyboard */; };
		B6CC53CF27DF7D580021BE01 /* ClickerGame.xcdatamodeld in Sources */ = {isa = PBXBuildFile; fileRef = B6CC53CD27DF7D580021BE01 /* ClickerGame.xcdatamodeld */; };
		B6CC53D127DF7D5B0021BE01 /* Assets.xcassets in Resources */ = {isa = PBXBuildFile; fileRef = B6CC53D027DF7D5B0021BE01 /* Assets.xcassets */; };
		B6CC53D427DF7D5B0021BE01 /* LaunchScreen.storyboard in Resources */ = {isa = PBXBuildFile; fileRef = B6CC53D227DF7D5B0021BE01 /* LaunchScreen.storyboard */; };
		B6CC53DC27DF7DDA0021BE01 /* GoogleService-Info.plist in Resources */ = {isa = PBXBuildFile; fileRef = B6CC53DB27DF7DDA0021BE01 /* GoogleService-Info.plist */; };
		B6CC53DF27DF7E8B0021BE01 /* FirebaseAnalytics in Frameworks */ = {isa = PBXBuildFile; productRef = B6CC53DE27DF7E8B0021BE01 /* FirebaseAnalytics */; };
		B6CC53E127DF7E8B0021BE01 /* FirebaseAuth in Frameworks */ = {isa = PBXBuildFile; productRef = B6CC53E027DF7E8B0021BE01 /* FirebaseAuth */; };
		B6CC53E327DF7E8B0021BE01 /* FirebaseDatabase in Frameworks */ = {isa = PBXBuildFile; productRef = B6CC53E227DF7E8B0021BE01 /* FirebaseDatabase */; };
		B6CC53E527DF7E8B0021BE01 /* FirebaseFirestore in Frameworks */ = {isa = PBXBuildFile; productRef = B6CC53E427DF7E8B0021BE01 /* FirebaseFirestore */; };
		B6EB053527E0C11B003E6F6D /* FirebaseFirestoreSwift-Beta in Frameworks */ = {isa = PBXBuildFile; productRef = B6EB053427E0C11B003E6F6D /* FirebaseFirestoreSwift-Beta */; };
/* End PBXBuildFile section */

/* Begin PBXFileReference section */
		B618BCEF27E251D2005B0CEF /* HighScoresViewController.swift */ = {isa = PBXFileReference; lastKnownFileType = sourcecode.swift; path = HighScoresViewController.swift; sourceTree = "<group>"; };
		B6C886F427E3654E00813464 /* Game.swift */ = {isa = PBXFileReference; lastKnownFileType = sourcecode.swift; path = Game.swift; sourceTree = "<group>"; };
		B6CC53C127DF7D580021BE01 /* ClickerGame.app */ = {isa = PBXFileReference; explicitFileType = wrapper.application; includeInIndex = 0; path = ClickerGame.app; sourceTree = BUILT_PRODUCTS_DIR; };
		B6CC53C427DF7D580021BE01 /* AppDelegate.swift */ = {isa = PBXFileReference; lastKnownFileType = sourcecode.swift; path = AppDelegate.swift; sourceTree = "<group>"; };
		B6CC53C627DF7D580021BE01 /* SceneDelegate.swift */ = {isa = PBXFileReference; lastKnownFileType = sourcecode.swift; path = SceneDelegate.swift; sourceTree = "<group>"; };
		B6CC53C827DF7D580021BE01 /* ViewController.swift */ = {isa = PBXFileReference; lastKnownFileType = sourcecode.swift; path = ViewController.swift; sourceTree = "<group>"; };
		B6CC53CB27DF7D580021BE01 /* Base */ = {isa = PBXFileReference; lastKnownFileType = file.storyboard; name = Base; path = Base.lproj/Main.storyboard; sourceTree = "<group>"; };
		B6CC53CE27DF7D580021BE01 /* ClickerGame.xcdatamodel */ = {isa = PBXFileReference; lastKnownFileType = wrapper.xcdatamodel; path = ClickerGame.xcdatamodel; sourceTree = "<group>"; };
		B6CC53D027DF7D5B0021BE01 /* Assets.xcassets */ = {isa = PBXFileReference; lastKnownFileType = folder.assetcatalog; path = Assets.xcassets; sourceTree = "<group>"; };
		B6CC53D327DF7D5B0021BE01 /* Base */ = {isa = PBXFileReference; lastKnownFileType = file.storyboard; name = Base; path = Base.lproj/LaunchScreen.storyboard; sourceTree = "<group>"; };
		B6CC53D527DF7D5B0021BE01 /* Info.plist */ = {isa = PBXFileReference; lastKnownFileType = text.plist.xml; path = Info.plist; sourceTree = "<group>"; };
		B6CC53DB27DF7DDA0021BE01 /* GoogleService-Info.plist */ = {isa = PBXFileReference; fileEncoding = 4; lastKnownFileType = text.plist.xml; path = "GoogleService-Info.plist"; sourceTree = "<group>"; };
/* End PBXFileReference section */

/* Begin PBXFrameworksBuildPhase section */
		B6CC53BE27DF7D580021BE01 /* Frameworks */ = {
			isa = PBXFrameworksBuildPhase;
			buildActionMask = 2147483647;
			files = (
				B6CC53E327DF7E8B0021BE01 /* FirebaseDatabase in Frameworks */,
				B6CC53E527DF7E8B0021BE01 /* FirebaseFirestore in Frameworks */,
				B6EB053527E0C11B003E6F6D /* FirebaseFirestoreSwift-Beta in Frameworks */,
				B6CC53DF27DF7E8B0021BE01 /* FirebaseAnalytics in Frameworks */,
				B6CC53E127DF7E8B0021BE01 /* FirebaseAuth in Frameworks */,
			);
			runOnlyForDeploymentPostprocessing = 0;
		};
/* End PBXFrameworksBuildPhase section */

/* Begin PBXGroup section */
		B6CC53B827DF7D580021BE01 = {
			isa = PBXGroup;
			children = (
				B6CC53C327DF7D580021BE01 /* ClickerGame */,
				B6CC53C227DF7D580021BE01 /* Products */,
				B6EB053327E0C11B003E6F6D /* Frameworks */,
			);
			sourceTree = "<group>";
		};
		B6CC53C227DF7D580021BE01 /* Products */ = {
			isa = PBXGroup;
			children = (
				B6CC53C127DF7D580021BE01 /* ClickerGame.app */,
			);
			name = Products;
			sourceTree = "<group>";
		};
		B6CC53C327DF7D580021BE01 /* ClickerGame */ = {
			isa = PBXGroup;
			children = (
				B6CC53C427DF7D580021BE01 /* AppDelegate.swift */,
				B6CC53C627DF7D580021BE01 /* SceneDelegate.swift */,
				B6CC53C827DF7D580021BE01 /* ViewController.swift */,
				B6C886F427E3654E00813464 /* Game.swift */,
				B6CC53CA27DF7D580021BE01 /* Main.storyboard */,
				B618BCEF27E251D2005B0CEF /* HighScoresViewController.swift */,
				B6CC53D027DF7D5B0021BE01 /* Assets.xcassets */,
				B6CC53D227DF7D5B0021BE01 /* LaunchScreen.storyboard */,
				B6CC53D527DF7D5B0021BE01 /* Info.plist */,
				B6CC53CD27DF7D580021BE01 /* ClickerGame.xcdatamodeld */,
				B6CC53DB27DF7DDA0021BE01 /* GoogleService-Info.plist */,
			);
			path = ClickerGame;
			sourceTree = "<group>";
		};
		B6EB053327E0C11B003E6F6D /* Frameworks */ = {
			isa = PBXGroup;
			children = (
			);
			name = Frameworks;
			sourceTree = "<group>";
		};
/* End PBXGroup section */

/* Begin PBXNativeTarget section */
		B6CC53C027DF7D580021BE01 /* ClickerGame */ = {
			isa = PBXNativeTarget;
			buildConfigurationList = B6CC53D827DF7D5B0021BE01 /* Build configuration list for PBXNativeTarget "ClickerGame" */;
			buildPhases = (
				B6CC53BD27DF7D580021BE01 /* Sources */,
				B6CC53BE27DF7D580021BE01 /* Frameworks */,
				B6CC53BF27DF7D580021BE01 /* Resources */,
			);
			buildRules = (
			);
			dependencies = (
			);
			name = ClickerGame;
			packageProductDependencies = (
				B6CC53DE27DF7E8B0021BE01 /* FirebaseAnalytics */,
				B6CC53E027DF7E8B0021BE01 /* FirebaseAuth */,
				B6CC53E227DF7E8B0021BE01 /* FirebaseDatabase */,
				B6CC53E427DF7E8B0021BE01 /* FirebaseFirestore */,
				B6EB053427E0C11B003E6F6D /* FirebaseFirestoreSwift-Beta */,
			);
			productName = ClickerGame;
			productReference = B6CC53C127DF7D580021BE01 /* ClickerGame.app */;
			productType = "com.apple.product-type.application";
		};
/* End PBXNativeTarget section */

/* Begin PBXProject section */
		B6CC53B927DF7D580021BE01 /* Project object */ = {
			isa = PBXProject;
			attributes = {
				BuildIndependentTargetsInParallel = 1;
				LastSwiftUpdateCheck = 1320;
				LastUpgradeCheck = 1320;
				TargetAttributes = {
					B6CC53C027DF7D580021BE01 = {
						CreatedOnToolsVersion = 13.2.1;
					};
				};
			};
			buildConfigurationList = B6CC53BC27DF7D580021BE01 /* Build configuration list for PBXProject "ClickerGame" */;
			compatibilityVersion = "Xcode 13.0";
			developmentRegion = en;
			hasScannedForEncodings = 0;
			knownRegions = (
				en,
				Base,
			);
			mainGroup = B6CC53B827DF7D580021BE01;
			packageReferences = (
				B6CC53DD27DF7E8B0021BE01 /* XCRemoteSwiftPackageReference "firebase-ios-sdk" */,
			);
			productRefGroup = B6CC53C227DF7D580021BE01 /* Products */;
			projectDirPath = "";
			projectRoot = "";
			targets = (
				B6CC53C027DF7D580021BE01 /* ClickerGame */,
			);
		};
/* End PBXProject section */

/* Begin PBXResourcesBuildPhase section */
		B6CC53BF27DF7D580021BE01 /* Resources */ = {
			isa = PBXResourcesBuildPhase;
			buildActionMask = 2147483647;
			files = (
				B6CC53D427DF7D5B0021BE01 /* LaunchScreen.storyboard in Resources */,
				B6CC53D127DF7D5B0021BE01 /* Assets.xcassets in Resources */,
				B6CC53CC27DF7D580021BE01 /* Main.storyboard in Resources */,
				B6CC53DC27DF7DDA0021BE01 /* GoogleService-Info.plist in Resources */,
			);
			runOnlyForDeploymentPostprocessing = 0;
		};
/* End PBXResourcesBuildPhase section */

/* Begin PBXSourcesBuildPhase section */
		B6CC53BD27DF7D580021BE01 /* Sources */ = {
			isa = PBXSourcesBuildPhase;
			buildActionMask = 2147483647;
			files = (
				B6CC53C927DF7D580021BE01 /* ViewController.swift in Sources */,
				B6C886F527E3654E00813464 /* Game.swift in Sources */,
				B6CC53C527DF7D580021BE01 /* AppDelegate.swift in Sources */,
				B618BCF027E251D2005B0CEF /* HighScoresViewController.swift in Sources */,
				B6CC53C727DF7D580021BE01 /* SceneDelegate.swift in Sources */,
				B6CC53CF27DF7D580021BE01 /* ClickerGame.xcdatamodeld in Sources */,
			);
			runOnlyForDeploymentPostprocessing = 0;
		};
/* End PBXSourcesBuildPhase section */

/* Begin PBXVariantGroup section */
		B6CC53CA27DF7D580021BE01 /* Main.storyboard */ = {
			isa = PBXVariantGroup;
			children = (
				B6CC53CB27DF7D580021BE01 /* Base */,
			);
			name = Main.storyboard;
			sourceTree = "<group>";
		};
		B6CC53D227DF7D5B0021BE01 /* LaunchScreen.storyboard */ = {
			isa = PBXVariantGroup;
			children = (
				B6CC53D327DF7D5B0021BE01 /* Base */,
			);
			name = LaunchScreen.storyboard;
			sourceTree = "<group>";
		};
/* End PBXVariantGroup section */

/* Begin XCBuildConfiguration section */
		B6CC53D627DF7D5B0021BE01 /* Debug */ = {
			isa = XCBuildConfiguration;
			buildSettings = {
				ALWAYS_SEARCH_USER_PATHS = NO;
				CLANG_ANALYZER_NONNULL = YES;
				CLANG_ANALYZER_NUMBER_OBJECT_CONVERSION = YES_AGGRESSIVE;
				CLANG_CXX_LANGUAGE_STANDARD = "gnu++17";
				CLANG_CXX_LIBRARY = "libc++";
				CLANG_ENABLE_MODULES = YES;
				CLANG_ENABLE_OBJC_ARC = YES;
				CLANG_ENABLE_OBJC_WEAK = YES;
				CLANG_WARN_BLOCK_CAPTURE_AUTORELEASING = YES;
				CLANG_WARN_BOOL_CONVERSION = YES;
				CLANG_WARN_COMMA = YES;
				CLANG_WARN_CONSTANT_CONVERSION = YES;
				CLANG_WARN_DEPRECATED_OBJC_IMPLEMENTATIONS = YES;
				CLANG_WARN_DIRECT_OBJC_ISA_USAGE = YES_ERROR;
				CLANG_WARN_DOCUMENTATION_COMMENTS = YES;
				CLANG_WARN_EMPTY_BODY = YES;
				CLANG_WARN_ENUM_CONVERSION = YES;
				CLANG_WARN_INFINITE_RECURSION = YES;
				CLANG_WARN_INT_CONVERSION = YES;
				CLANG_WARN_NON_LITERAL_NULL_CONVERSION = YES;
				CLANG_WARN_OBJC_IMPLICIT_RETAIN_SELF = YES;
				CLANG_WARN_OBJC_LITERAL_CONVERSION = YES;
				CLANG_WARN_OBJC_ROOT_CLASS = YES_ERROR;
				CLANG_WARN_QUOTED_INCLUDE_IN_FRAMEWORK_HEADER = YES;
				CLANG_WARN_RANGE_LOOP_ANALYSIS = YES;
				CLANG_WARN_STRICT_PROTOTYPES = YES;
				CLANG_WARN_SUSPICIOUS_MOVE = YES;
				CLANG_WARN_UNGUARDED_AVAILABILITY = YES_AGGRESSIVE;
				CLANG_WARN_UNREACHABLE_CODE = YES;
				CLANG_WARN__DUPLICATE_METHOD_MATCH = YES;
				COPY_PHASE_STRIP = NO;
				DEBUG_INFORMATION_FORMAT = dwarf;
				ENABLE_STRICT_OBJC_MSGSEND = YES;
				ENABLE_TESTABILITY = YES;
				GCC_C_LANGUAGE_STANDARD = gnu11;
				GCC_DYNAMIC_NO_PIC = NO;
				GCC_NO_COMMON_BLOCKS = YES;
				GCC_OPTIMIZATION_LEVEL = 0;
				GCC_PREPROCESSOR_DEFINITIONS = (
					"DEBUG=1",
					"$(inherited)",
				);
				GCC_WARN_64_TO_32_BIT_CONVERSION = YES;
				GCC_WARN_ABOUT_RETURN_TYPE = YES_ERROR;
				GCC_WARN_UNDECLARED_SELECTOR = YES;
				GCC_WARN_UNINITIALIZED_AUTOS = YES_AGGRESSIVE;
				GCC_WARN_UNUSED_FUNCTION = YES;
				GCC_WARN_UNUSED_VARIABLE = YES;
				IPHONEOS_DEPLOYMENT_TARGET = 15.2;
				MTL_ENABLE_DEBUG_INFO = INCLUDE_SOURCE;
				MTL_FAST_MATH = YES;
				ONLY_ACTIVE_ARCH = YES;
				SDKROOT = iphoneos;
				SWIFT_ACTIVE_COMPILATION_CONDITIONS = DEBUG;
				SWIFT_OPTIMIZATION_LEVEL = "-Onone";
			};
			name = Debug;
		};
		B6CC53D727DF7D5B0021BE01 /* Release */ = {
			isa = XCBuildConfiguration;
			buildSettings = {
				ALWAYS_SEARCH_USER_PATHS = NO;
				CLANG_ANALYZER_NONNULL = YES;
				CLANG_ANALYZER_NUMBER_OBJECT_CONVERSION = YES_AGGRESSIVE;
				CLANG_CXX_LANGUAGE_STANDARD = "gnu++17";
				CLANG_CXX_LIBRARY = "libc++";
				CLANG_ENABLE_MODULES = YES;
				CLANG_ENABLE_OBJC_ARC = YES;
				CLANG_ENABLE_OBJC_WEAK = YES;
				CLANG_WARN_BLOCK_CAPTURE_AUTORELEASING = YES;
				CLANG_WARN_BOOL_CONVERSION = YES;
				CLANG_WARN_COMMA = YES;
				CLANG_WARN_CONSTANT_CONVERSION = YES;
				CLANG_WARN_DEPRECATED_OBJC_IMPLEMENTATIONS = YES;
				CLANG_WARN_DIRECT_OBJC_ISA_USAGE = YES_ERROR;
				CLANG_WARN_DOCUMENTATION_COMMENTS = YES;
				CLANG_WARN_EMPTY_BODY = YES;
				CLANG_WARN_ENUM_CONVERSION = YES;
				CLANG_WARN_INFINITE_RECURSION = YES;
				CLANG_WARN_INT_CONVERSION = YES;
				CLANG_WARN_NON_LITERAL_NULL_CONVERSION = YES;
				CLANG_WARN_OBJC_IMPLICIT_RETAIN_SELF = YES;
				CLANG_WARN_OBJC_LITERAL_CONVERSION = YES;
				CLANG_WARN_OBJC_ROOT_CLASS = YES_ERROR;
				CLANG_WARN_QUOTED_INCLUDE_IN_FRAMEWORK_HEADER = YES;
				CLANG_WARN_RANGE_LOOP_ANALYSIS = YES;
				CLANG_WARN_STRICT_PROTOTYPES = YES;
				CLANG_WARN_SUSPICIOUS_MOVE = YES;
				CLANG_WARN_UNGUARDED_AVAILABILITY = YES_AGGRESSIVE;
				CLANG_WARN_UNREACHABLE_CODE = YES;
				CLANG_WARN__DUPLICATE_METHOD_MATCH = YES;
				COPY_PHASE_STRIP = NO;
				DEBUG_INFORMATION_FORMAT = "dwarf-with-dsym";
				ENABLE_NS_ASSERTIONS = NO;
				ENABLE_STRICT_OBJC_MSGSEND = YES;
				GCC_C_LANGUAGE_STANDARD = gnu11;
				GCC_NO_COMMON_BLOCKS = YES;
				GCC_WARN_64_TO_32_BIT_CONVERSION = YES;
				GCC_WARN_ABOUT_RETURN_TYPE = YES_ERROR;
				GCC_WARN_UNDECLARED_SELECTOR = YES;
				GCC_WARN_UNINITIALIZED_AUTOS = YES_AGGRESSIVE;
				GCC_WARN_UNUSED_FUNCTION = YES;
				GCC_WARN_UNUSED_VARIABLE = YES;
				IPHONEOS_DEPLOYMENT_TARGET = 15.2;
				MTL_ENABLE_DEBUG_INFO = NO;
				MTL_FAST_MATH = YES;
				SDKROOT = iphoneos;
				SWIFT_COMPILATION_MODE = wholemodule;
				SWIFT_OPTIMIZATION_LEVEL = "-O";
				VALIDATE_PRODUCT = YES;
			};
			name = Release;
		};
		B6CC53D927DF7D5B0021BE01 /* Debug */ = {
			isa = XCBuildConfiguration;
			buildSettings = {
				ASSETCATALOG_COMPILER_APPICON_NAME = AppIcon;
				ASSETCATALOG_COMPILER_GLOBAL_ACCENT_COLOR_NAME = AccentColor;
				CODE_SIGN_STYLE = Automatic;
				CURRENT_PROJECT_VERSION = 1;
				DEVELOPMENT_TEAM = PVK3WGSZ4A;
				GENERATE_INFOPLIST_FILE = YES;
				INFOPLIST_FILE = ClickerGame/Info.plist;
				INFOPLIST_KEY_UIApplicationSupportsIndirectInputEvents = YES;
				INFOPLIST_KEY_UILaunchStoryboardName = LaunchScreen;
				INFOPLIST_KEY_UIMainStoryboardFile = Main;
				INFOPLIST_KEY_UISupportedInterfaceOrientations_iPad = "UIInterfaceOrientationPortrait UIInterfaceOrientationPortraitUpsideDown UIInterfaceOrientationLandscapeLeft UIInterfaceOrientationLandscapeRight";
				INFOPLIST_KEY_UISupportedInterfaceOrientations_iPhone = "UIInterfaceOrientationPortrait UIInterfaceOrientationLandscapeLeft UIInterfaceOrientationLandscapeRight";
				LD_RUNPATH_SEARCH_PATHS = (
					"$(inherited)",
					"@executable_path/Frameworks",
				);
				MARKETING_VERSION = 1.0;
				PRODUCT_BUNDLE_IDENTIFIER = CLC.ClickerGame;
				PRODUCT_NAME = "$(TARGET_NAME)";
				SWIFT_EMIT_LOC_STRINGS = YES;
				SWIFT_VERSION = 5.0;
				TARGETED_DEVICE_FAMILY = "1,2";
			};
			name = Debug;
		};
		B6CC53DA27DF7D5B0021BE01 /* Release */ = {
			isa = XCBuildConfiguration;
			buildSettings = {
				ASSETCATALOG_COMPILER_APPICON_NAME = AppIcon;
				ASSETCATALOG_COMPILER_GLOBAL_ACCENT_COLOR_NAME = AccentColor;
				CODE_SIGN_STYLE = Automatic;
				CURRENT_PROJECT_VERSION = 1;
				DEVELOPMENT_TEAM = PVK3WGSZ4A;
				GENERATE_INFOPLIST_FILE = YES;
				INFOPLIST_FILE = ClickerGame/Info.plist;
				INFOPLIST_KEY_UIApplicationSupportsIndirectInputEvents = YES;
				INFOPLIST_KEY_UILaunchStoryboardName = LaunchScreen;
				INFOPLIST_KEY_UIMainStoryboardFile = Main;
				INFOPLIST_KEY_UISupportedInterfaceOrientations_iPad = "UIInterfaceOrientationPortrait UIInterfaceOrientationPortraitUpsideDown UIInterfaceOrientationLandscapeLeft UIInterfaceOrientationLandscapeRight";
				INFOPLIST_KEY_UISupportedInterfaceOrientations_iPhone = "UIInterfaceOrientationPortrait UIInterfaceOrientationLandscapeLeft UIInterfaceOrientationLandscapeRight";
				LD_RUNPATH_SEARCH_PATHS = (
					"$(inherited)",
					"@executable_path/Frameworks",
				);
				MARKETING_VERSION = 1.0;
				PRODUCT_BUNDLE_IDENTIFIER = CLC.ClickerGame;
				PRODUCT_NAME = "$(TARGET_NAME)";
				SWIFT_EMIT_LOC_STRINGS = YES;
				SWIFT_VERSION = 5.0;
				TARGETED_DEVICE_FAMILY = "1,2";
			};
			name = Release;
		};
/* End XCBuildConfiguration section */

/* Begin XCConfigurationList section */
		B6CC53BC27DF7D580021BE01 /* Build configuration list for PBXProject "ClickerGame" */ = {
			isa = XCConfigurationList;
			buildConfigurations = (
				B6CC53D627DF7D5B0021BE01 /* Debug */,
				B6CC53D727DF7D5B0021BE01 /* Release */,
			);
			defaultConfigurationIsVisible = 0;
			defaultConfigurationName = Release;
		};
		B6CC53D827DF7D5B0021BE01 /* Build configuration list for PBXNativeTarget "ClickerGame" */ = {
			isa = XCConfigurationList;
			buildConfigurations = (
				B6CC53D927DF7D5B0021BE01 /* Debug */,
				B6CC53DA27DF7D5B0021BE01 /* Release */,
			);
			defaultConfigurationIsVisible = 0;
			defaultConfigurationName = Release;
		};
/* End XCConfigurationList section */

/* Begin XCRemoteSwiftPackageReference section */
		B6CC53DD27DF7E8B0021BE01 /* XCRemoteSwiftPackageReference "firebase-ios-sdk" */ = {
			isa = XCRemoteSwiftPackageReference;
			repositoryURL = "https://github.com/firebase/firebase-ios-sdk";
			requirement = {
				branch = master;
				kind = branch;
			};
		};
/* End XCRemoteSwiftPackageReference section */

/* Begin XCSwiftPackageProductDependency section */
		B6CC53DE27DF7E8B0021BE01 /* FirebaseAnalytics */ = {
			isa = XCSwiftPackageProductDependency;
			package = B6CC53DD27DF7E8B0021BE01 /* XCRemoteSwiftPackageReference "firebase-ios-sdk" */;
			productName = FirebaseAnalytics;
		};
		B6CC53E027DF7E8B0021BE01 /* FirebaseAuth */ = {
			isa = XCSwiftPackageProductDependency;
			package = B6CC53DD27DF7E8B0021BE01 /* XCRemoteSwiftPackageReference "firebase-ios-sdk" */;
			productName = FirebaseAuth;
		};
		B6CC53E227DF7E8B0021BE01 /* FirebaseDatabase */ = {
			isa = XCSwiftPackageProductDependency;
			package = B6CC53DD27DF7E8B0021BE01 /* XCRemoteSwiftPackageReference "firebase-ios-sdk" */;
			productName = FirebaseDatabase;
		};
		B6CC53E427DF7E8B0021BE01 /* FirebaseFirestore */ = {
			isa = XCSwiftPackageProductDependency;
			package = B6CC53DD27DF7E8B0021BE01 /* XCRemoteSwiftPackageReference "firebase-ios-sdk" */;
			productName = FirebaseFirestore;
		};
		B6EB053427E0C11B003E6F6D /* FirebaseFirestoreSwift-Beta */ = {
			isa = XCSwiftPackageProductDependency;
			package = B6CC53DD27DF7E8B0021BE01 /* XCRemoteSwiftPackageReference "firebase-ios-sdk" */;
			productName = "FirebaseFirestoreSwift-Beta";
		};
/* End XCSwiftPackageProductDependency section */

/* Begin XCVersionGroup section */
		B6CC53CD27DF7D580021BE01 /* ClickerGame.xcdatamodeld */ = {
			isa = XCVersionGroup;
			children = (
				B6CC53CE27DF7D580021BE01 /* ClickerGame.xcdatamodel */,
			);
			currentVersion = B6CC53CE27DF7D580021BE01 /* ClickerGame.xcdatamodel */;
			path = ClickerGame.xcdatamodeld;
			sourceTree = "<group>";
			versionGroupType = wrapper.xcdatamodel;
		};
/* End XCVersionGroup section */
	};
	rootObject = B6CC53B927DF7D580021BE01 /* Project object */;
}
